
Microsoft Visual Studio Solution File, Format Version 12.00
# Visual Studio Version 16
VisualStudioVersion = 16.0.30114.105
MinimumVisualStudioVersion = 10.0.40219.1
Project("{FAE04EC0-301F-11D3-BF4B-00C04F79EFBC}") = "JClicker", "JClicker\JClicker.csproj", "{692C1B83-555F-440B-BCD2-245BBEF0EAD7}"
EndProject
Global
	GlobalSection(SolutionConfigurationPlatforms) = preSolution
		Debug|Any CPU = Debug|Any CPU
		Release|Any CPU = Release|Any CPU
	EndGlobalSection
	GlobalSection(ProjectConfigurationPlatforms) = postSolution
		{692C1B83-555F-440B-BCD2-245BBEF0EAD7}.Debug|Any CPU.ActiveCfg = Debug|Any CPU
		{692C1B83-555F-440B-BCD2-245BBEF0EAD7}.Debug|Any CPU.Build.0 = Debug|Any CPU
		{692C1B83-555F-440B-BCD2-245BBEF0EAD7}.Release|Any CPU.ActiveCfg = Release|Any CPU
		{692C1B83-555F-440B-BCD2-245BBEF0EAD7}.Release|Any CPU.Build.0 = Release|Any CPU
	EndGlobalSection
	GlobalSection(SolutionProperties) = preSolution
		HideSolutionNode = FALSE
	EndGlobalSection
	GlobalSection(ExtensibilityGlobals) = postSolution
		SolutionGuid = {89929C65-A743-4C74-B0A7-52D9A8359313}
	EndGlobalSection
EndGlobal
